# This file is automatically @generated by Cargo.
# It is not intended for manual editing.
version = 4

[[package]]
name = "qjs-ast"
version = "0.1.0"

[[package]]
name = "qjs-cli"
version = "0.1.0"
dependencies = [
 "qjs-runtime",
]

[[package]]
name = "qjs-lexer"
version = "0.1.0"
dependencies = [
 "qjs-ast",
]

[[package]]
name = "qjs-parser"
version = "0.1.0"
dependencies = [
 "qjs-ast",
 "qjs-lexer",
]

[[package]]
name = "qjs-runtime"
version = "0.1.0"
dependencies = [
 "qjs-ast",
 "qjs-parser",
]
